
Microsoft Visual Studio Solution File, Format Version 12.00
# Visual Studio 2013
VisualStudioVersion = 12.0.20617.1 PREVIEW
MinimumVisualStudioVersion = 10.0.40219.1
Project("{FAE04EC0-301F-11D3-BF4B-00C04F79EFBC}") = "MvcApplicationTask", "MvcApplicationTask\MvcApplicationTask.csproj", "{BCEBA4F3-AC6F-450A-AC9A-734EBBEBD80B}"
EndProject
Project("{FAE04EC0-301F-11D3-BF4B-00C04F79EFBC}") = "MvcApplicationTask.Tests", "MvcApplicationTask.Tests\MvcApplicationTask.Tests.csproj", "{1196ADBF-D38F-405A-A23D-8C3DDB4FD687}"
EndProject
Global
	GlobalSection(SolutionConfigurationPlatforms) = preSolution
		Debug|Any CPU = Debug|Any CPU
		Release|Any CPU = Release|Any CPU
	EndGlobalSection
	GlobalSection(ProjectConfigurationPlatforms) = postSolution
		{BCEBA4F3-AC6F-450A-AC9A-734EBBEBD80B}.Debug|Any CPU.ActiveCfg = Debug|Any CPU
		{BCEBA4F3-AC6F-450A-AC9A-734EBBEBD80B}.Debug|Any CPU.Build.0 = Debug|Any CPU
		{BCEBA4F3-AC6F-450A-AC9A-734EBBEBD80B}.Release|Any CPU.ActiveCfg = Release|Any CPU
		{BCEBA4F3-AC6F-450A-AC9A-734EBBEBD80B}.Release|Any CPU.Build.0 = Release|Any CPU
		{1196ADBF-D38F-405A-A23D-8C3DDB4FD687}.Debug|Any CPU.ActiveCfg = Debug|Any CPU
		{1196ADBF-D38F-405A-A23D-8C3DDB4FD687}.Debug|Any CPU.Build.0 = Debug|Any CPU
		{1196ADBF-D38F-405A-A23D-8C3DDB4FD687}.Release|Any CPU.ActiveCfg = Release|Any CPU
		{1196ADBF-D38F-405A-A23D-8C3DDB4FD687}.Release|Any CPU.Build.0 = Release|Any CPU
	EndGlobalSection
	GlobalSection(SolutionProperties) = preSolution
		HideSolutionNode = FALSE
	EndGlobalSection
EndGlobal
